// !$*UTF8*$!
{
	archiveVersion = 1;
	classes = {
	};
	objectVersion = 50;
	objects = {

/* Begin PBXBuildFile section */
		C13F5F9D222F1E5A005038CE /* AppDelegate.swift in Sources */ = {isa = PBXBuildFile; fileRef = C13F5F9C222F1E5A005038CE /* AppDelegate.swift */; };
		C13F5F9F222F1E5A005038CE /* ViewController.swift in Sources */ = {isa = PBXBuildFile; fileRef = C13F5F9E222F1E5A005038CE /* ViewController.swift */; };
		C13F5FA2222F1E5A005038CE /* Main.storyboard in Resources */ = {isa = PBXBuildFile; fileRef = C13F5FA0222F1E5A005038CE /* Main.storyboard */; };
		C13F5FA4222F1E5C005038CE /* Assets.xcassets in Resources */ = {isa = PBXBuildFile; fileRef = C13F5FA3222F1E5C005038CE /* Assets.xcassets */; };
		C13F5FA7222F1E5C005038CE /* LaunchScreen.storyboard in Resources */ = {isa = PBXBuildFile; fileRef = C13F5FA5222F1E5C005038CE /* LaunchScreen.storyboard */; };
		C13F5FB2222F1E5C005038CE /* talya2Tests.swift in Sources */ = {isa = PBXBuildFile; fileRef = C13F5FB1222F1E5C005038CE /* talya2Tests.swift */; };
		C13F5FBD222F1E5C005038CE /* talya2UITests.swift in Sources */ = {isa = PBXBuildFile; fileRef = C13F5FBC222F1E5C005038CE /* talya2UITests.swift */; };
/* End PBXBuildFile section */

/* Begin PBXContainerItemProxy section */
		C13F5FAE222F1E5C005038CE /* PBXContainerItemProxy */ = {
			isa = PBXContainerItemProxy;
			containerPortal = C13F5F91222F1E5A005038CE /* Project object */;
			proxyType = 1;
			remoteGlobalIDString = C13F5F98222F1E5A005038CE;
			remoteInfo = talya2;
		};
		C13F5FB9222F1E5C005038CE /* PBXContainerItemProxy */ = {
			isa = PBXContainerItemProxy;
			containerPortal = C13F5F91222F1E5A005038CE /* Project object */;
			proxyType = 1;
			remoteGlobalIDString = C13F5F98222F1E5A005038CE;
			remoteInfo = talya2;
		};
/* End PBXContainerItemProxy section */

/* Begin PBXFileReference section */
		C13F5F99222F1E5A005038CE /* talya2.app */ = {isa = PBXFileReference; explicitFileType = wrapper.application; includeInIndex = 0; path = talya2.app; sourceTree = BUILT_PRODUCTS_DIR; };
		C13F5F9C222F1E5A005038CE /* AppDelegate.swift */ = {isa = PBXFileReference; lastKnownFileType = sourcecode.swift; path = AppDelegate.swift; sourceTree = "<group>"; };
		C13F5F9E222F1E5A005038CE /* ViewController.swift */ = {isa = PBXFileReference; lastKnownFileType = sourcecode.swift; path = ViewController.swift; sourceTree = "<group>"; };
		C13F5FA1222F1E5A005038CE /* Base */ = {isa = PBXFileReference; lastKnownFileType = file.storyboard; name = Base; path = Base.lproj/Main.storyboard; sourceTree = "<group>"; };
		C13F5FA3222F1E5C005038CE /* Assets.xcassets */ = {isa = PBXFileReference; lastKnownFileType = folder.assetcatalog; path = Assets.xcassets; sourceTree = "<group>"; };
		C13F5FA6222F1E5C005038CE /* Base */ = {isa = PBXFileReference; lastKnownFileType = file.storyboard; name = Base; path = Base.lproj/LaunchScreen.storyboard; sourceTree = "<group>"; };
		C13F5FA8222F1E5C005038CE /* Info.plist */ = {isa = PBXFileReference; lastKnownFileType = text.plist.xml; path = Info.plist; sourceTree = "<group>"; };
		C13F5FAD222F1E5C005038CE /* talya2Tests.xctest */ = {isa = PBXFileReference; explicitFileType = wrapper.cfbundle; includeInIndex = 0; path = talya2Tests.xctest; sourceTree = BUILT_PRODUCTS_DIR; };
		C13F5FB1222F1E5C005038CE /* talya2Tests.swift */ = {isa = PBXFileReference; lastKnownFileType = sourcecode.swift; path = talya2Tests.swift; sourceTree = "<group>"; };
		C13F5FB3222F1E5C005038CE /* Info.plist */ = {isa = PBXFileReference; lastKnownFileType = text.plist.xml; path = Info.plist; sourceTree = "<group>"; };
		C13F5FB8222F1E5C005038CE /* talya2UITests.xctest */ = {isa = PBXFileReference; explicitFileType = wrapper.cfbundle; includeInIndex = 0; path = talya2UITests.xctest; sourceTree = BUILT_PRODUCTS_DIR; };
		C13F5FBC222F1E5C005038CE /* talya2UITests.swift */ = {isa = PBXFileReference; lastKnownFileType = sourcecode.swift; path = talya2UITests.swift; sourceTree = "<group>"; };
		C13F5FBE222F1E5C005038CE /* Info.plist */ = {isa = PBXFileReference; lastKnownFileType = text.plist.xml; path = Info.plist; sourceTree = "<group>"; };
/* End PBXFileReference section */

/* Begin PBXFrameworksBuildPhase section */
		C13F5F96222F1E5A005038CE /* Frameworks */ = {
			isa = PBXFrameworksBuildPhase;
			buildActionMask = 2147483647;
			files = (
			);
			runOnlyForDeploymentPostprocessing = 0;
		};
		C13F5FAA222F1E5C005038CE /* Frameworks */ = {
			isa = PBXFrameworksBuildPhase;
			buildActionMask = 2147483647;
			files = (
			);
			runOnlyForDeploymentPostprocessing = 0;
		};
		C13F5FB5222F1E5C005038CE /* Frameworks */ = {
			isa = PBXFrameworksBuildPhase;
			buildActionMask = 2147483647;
			files = (
			);
			runOnlyForDeploymentPostprocessing = 0;
		};
/* End PBXFrameworksBuildPhase section */

/* Begin PBXGroup section */
		C13F5F90222F1E5A005038CE = {
			isa = PBXGroup;
			children = (
				C13F5F9B222F1E5A005038CE /* talya2 */,
				C13F5FB0222F1E5C005038CE /* talya2Tests */,
				C13F5FBB222F1E5C005038CE /* talya2UITests */,
				C13F5F9A222F1E5A005038CE /* Products */,
			);
			sourceTree = "<group>";
		};
		C13F5F9A222F1E5A005038CE /* Products */ = {
			isa = PBXGroup;
			children = (
				C13F5F99222F1E5A005038CE /* talya2.app */,
				C13F5FAD222F1E5C005038CE /* talya2Tests.xctest */,
				C13F5FB8222F1E5C005038CE /* talya2UITests.xctest */,
			);
			name = Products;
			sourceTree = "<group>";
		};
		C13F5F9B222F1E5A005038CE /* talya2 */ = {
			isa = PBXGroup;
			children = (
				C13F5F9C222F1E5A005038CE /* AppDelegate.swift */,
				C13F5F9E222F1E5A005038CE /* ViewController.swift */,
				C13F5FA0222F1E5A005038CE /* Main.storyboard */,
				C13F5FA3222F1E5C005038CE /* Assets.xcassets */,
				C13F5FA5222F1E5C005038CE /* LaunchScreen.storyboard */,
				C13F5FA8222F1E5C005038CE /* Info.plist */,
			);
			path = talya2;
			sourceTree = "<group>";
		};
		C13F5FB0222F1E5C005038CE /* talya2Tests */ = {
			isa = PBXGroup;
			children = (
				C13F5FB1222F1E5C005038CE /* talya2Tests.swift */,
				C13F5FB3222F1E5C005038CE /* Info.plist */,
			);
			path = talya2Tests;
			sourceTree = "<group>";
		};
		C13F5FBB222F1E5C005038CE /* talya2UITests */ = {
			isa = PBXGroup;
			children = (
				C13F5FBC222F1E5C005038CE /* talya2UITests.swift */,
				C13F5FBE222F1E5C005038CE /* Info.plist */,
			);
			path = talya2UITests;
			sourceTree = "<group>";
		};
/* End PBXGroup section */

/* Begin PBXNativeTarget section */
		C13F5F98222F1E5A005038CE /* talya2 */ = {
			isa = PBXNativeTarget;
			buildConfigurationList = C13F5FC1222F1E5C005038CE /* Build configuration list for PBXNativeTarget "talya2" */;
			buildPhases = (
				C13F5F95222F1E5A005038CE /* Sources */,
				C13F5F96222F1E5A005038CE /* Frameworks */,
				C13F5F97222F1E5A005038CE /* Resources */,
			);
			buildRules = (
			);
			dependencies = (
			);
			name = talya2;
			productName = talya2;
			productReference = C13F5F99222F1E5A005038CE /* talya2.app */;
			productType = "com.apple.product-type.application";
		};
		C13F5FAC222F1E5C005038CE /* talya2Tests */ = {
			isa = PBXNativeTarget;
			buildConfigurationList = C13F5FC4222F1E5C005038CE /* Build configuration list for PBXNativeTarget "talya2Tests" */;
			buildPhases = (
				C13F5FA9222F1E5C005038CE /* Sources */,
				C13F5FAA222F1E5C005038CE /* Frameworks */,
				C13F5FAB222F1E5C005038CE /* Resources */,
			);
			buildRules = (
			);
			dependencies = (
				C13F5FAF222F1E5C005038CE /* PBXTargetDependency */,
			);
			name = talya2Tests;
			productName = talya2Tests;
			productReference = C13F5FAD222F1E5C005038CE /* talya2Tests.xctest */;
			productType = "com.apple.product-type.bundle.unit-test";
		};
		C13F5FB7222F1E5C005038CE /* talya2UITests */ = {
			isa = PBXNativeTarget;
			buildConfigurationList = C13F5FC7222F1E5C005038CE /* Build configuration list for PBXNativeTarget "talya2UITests" */;
			buildPhases = (
				C13F5FB4222F1E5C005038CE /* Sources */,
				C13F5FB5222F1E5C005038CE /* Frameworks */,
				C13F5FB6222F1E5C005038CE /* Resources */,
			);
			buildRules = (
			);
			dependencies = (
				C13F5FBA222F1E5C005038CE /* PBXTargetDependency */,
			);
			name = talya2UITests;
			productName = talya2UITests;
			productReference = C13F5FB8222F1E5C005038CE /* talya2UITests.xctest */;
			productType = "com.apple.product-type.bundle.ui-testing";
		};
/* End PBXNativeTarget section */

/* Begin PBXProject section */
		C13F5F91222F1E5A005038CE /* Project object */ = {
			isa = PBXProject;
			attributes = {
				LastSwiftUpdateCheck = 1010;
				LastUpgradeCheck = 1010;
				ORGANIZATIONNAME = "David Blackman";
				TargetAttributes = {
					C13F5F98222F1E5A005038CE = {
						CreatedOnToolsVersion = 10.1;
						SystemCapabilities = {
							com.apple.BackgroundModes = {
								enabled = 1;
							};
						};
					};
					C13F5FAC222F1E5C005038CE = {
						CreatedOnToolsVersion = 10.1;
						TestTargetID = C13F5F98222F1E5A005038CE;
					};
					C13F5FB7222F1E5C005038CE = {
						CreatedOnToolsVersion = 10.1;
						TestTargetID = C13F5F98222F1E5A005038CE;
					};
				};
			};
			buildConfigurationList = C13F5F94222F1E5A005038CE /* Build configuration list for PBXProject "talya2" */;
			compatibilityVersion = "Xcode 9.3";
			developmentRegion = en;
			hasScannedForEncodings = 0;
			knownRegions = (
				en,
				Base,
			);
			mainGroup = C13F5F90222F1E5A005038CE;
			productRefGroup = C13F5F9A222F1E5A005038CE /* Products */;
			projectDirPath = "";
			projectRoot = "";
			targets = (
				C13F5F98222F1E5A005038CE /* talya2 */,
				C13F5FAC222F1E5C005038CE /* talya2Tests */,
				C13F5FB7222F1E5C005038CE /* talya2UITests */,
			);
		};
/* End PBXProject section */

/* Begin PBXResourcesBuildPhase section */
		C13F5F97222F1E5A005038CE /* Resources */ = {
			isa = PBXResourcesBuildPhase;
			buildActionMask = 2147483647;
			files = (
				C13F5FA7222F1E5C005038CE /* LaunchScreen.storyboard in Resources */,
				C13F5FA4222F1E5C005038CE /* Assets.xcassets in Resources */,
				C13F5FA2222F1E5A005038CE /* Main.storyboard in Resources */,
			);
			runOnlyForDeploymentPostprocessing = 0;
		};
		C13F5FAB222F1E5C005038CE /* Resources */ = {
			isa = PBXResourcesBuildPhase;
			buildActionMask = 2147483647;
			files = (
			);
			runOnlyForDeploymentPostprocessing = 0;
		};
		C13F5FB6222F1E5C005038CE /* Resources */ = {
			isa = PBXResourcesBuildPhase;
			buildActionMask = 2147483647;
			files = (
			);
			runOnlyForDeploymentPostprocessing = 0;
		};
/* End PBXResourcesBuildPhase section */

/* Begin PBXSourcesBuildPhase section */
		C13F5F95222F1E5A005038CE /* Sources */ = {
			isa = PBXSourcesBuildPhase;
			buildActionMask = 2147483647;
			files = (
				C13F5F9F222F1E5A005038CE /* ViewController.swift in Sources */,
				C13F5F9D222F1E5A005038CE /* AppDelegate.swift in Sources */,
			);
			runOnlyForDeploymentPostprocessing = 0;
		};
		C13F5FA9222F1E5C005038CE /* Sources */ = {
			isa = PBXSourcesBuildPhase;
			buildActionMask = 2147483647;
			files = (
				C13F5FB2222F1E5C005038CE /* talya2Tests.swift in Sources */,
			);
			runOnlyForDeploymentPostprocessing = 0;
		};
		C13F5FB4222F1E5C005038CE /* Sources */ = {
			isa = PBXSourcesBuildPhase;
			buildActionMask = 2147483647;
			files = (
				C13F5FBD222F1E5C005038CE /* talya2UITests.swift in Sources */,
			);
			runOnlyForDeploymentPostprocessing = 0;
		};
/* End PBXSourcesBuildPhase section */

/* Begin PBXTargetDependency section */
		C13F5FAF222F1E5C005038CE /* PBXTargetDependency */ = {
			isa = PBXTargetDependency;
			target = C13F5F98222F1E5A005038CE /* talya2 */;
			targetProxy = C13F5FAE222F1E5C005038CE /* PBXContainerItemProxy */;
		};
		C13F5FBA222F1E5C005038CE /* PBXTargetDependency */ = {
			isa = PBXTargetDependency;
			target = C13F5F98222F1E5A005038CE /* talya2 */;
			targetProxy = C13F5FB9222F1E5C005038CE /* PBXContainerItemProxy */;
		};
/* End PBXTargetDependency section */

/* Begin PBXVariantGroup section */
		C13F5FA0222F1E5A005038CE /* Main.storyboard */ = {
			isa = PBXVariantGroup;
			children = (
				C13F5FA1222F1E5A005038CE /* Base */,
			);
			name = Main.storyboard;
			sourceTree = "<group>";
		};
		C13F5FA5222F1E5C005038CE /* LaunchScreen.storyboard */ = {
			isa = PBXVariantGroup;
			children = (
				C13F5FA6222F1E5C005038CE /* Base */,
			);
			name = LaunchScreen.storyboard;
			sourceTree = "<group>";
		};
/* End PBXVariantGroup section */

/* Begin XCBuildConfiguration section */
		C13F5FBF222F1E5C005038CE /* Debug */ = {
			isa = XCBuildConfiguration;
			buildSettings = {
				ALWAYS_SEARCH_USER_PATHS = NO;
				CLANG_ANALYZER_NONNULL = YES;
				CLANG_ANALYZER_NUMBER_OBJECT_CONVERSION = YES_AGGRESSIVE;
				CLANG_CXX_LANGUAGE_STANDARD = "gnu++14";
				CLANG_CXX_LIBRARY = "libc++";
				CLANG_ENABLE_MODULES = YES;
				CLANG_ENABLE_OBJC_ARC = YES;
				CLANG_ENABLE_OBJC_WEAK = YES;
				CLANG_WARN_BLOCK_CAPTURE_AUTORELEASING = YES;
				CLANG_WARN_BOOL_CONVERSION = YES;
				CLANG_WARN_COMMA = YES;
				CLANG_WARN_CONSTANT_CONVERSION = YES;
				CLANG_WARN_DEPRECATED_OBJC_IMPLEMENTATIONS = YES;
				CLANG_WARN_DIRECT_OBJC_ISA_USAGE = YES_ERROR;
				CLANG_WARN_DOCUMENTATION_COMMENTS = YES;
				CLANG_WARN_EMPTY_BODY = YES;
				CLANG_WARN_ENUM_CONVERSION = YES;
				CLANG_WARN_INFINITE_RECURSION = YES;
				CLANG_WARN_INT_CONVERSION = YES;
				CLANG_WARN_NON_LITERAL_NULL_CONVERSION = YES;
				CLANG_WARN_OBJC_IMPLICIT_RETAIN_SELF = YES;
				CLANG_WARN_OBJC_LITERAL_CONVERSION = YES;
				CLANG_WARN_OBJC_ROOT_CLASS = YES_ERROR;
				CLANG_WARN_RANGE_LOOP_ANALYSIS = YES;
				CLANG_WARN_STRICT_PROTOTYPES = YES;
				CLANG_WARN_SUSPICIOUS_MOVE = YES;
				CLANG_WARN_UNGUARDED_AVAILABILITY = YES_AGGRESSIVE;
				CLANG_WARN_UNREACHABLE_CODE = YES;
				CLANG_WARN__DUPLICATE_METHOD_MATCH = YES;
				CODE_SIGN_IDENTITY = "iPhone Developer";
				COPY_PHASE_STRIP = NO;
				DEBUG_INFORMATION_FORMAT = dwarf;
				ENABLE_STRICT_OBJC_MSGSEND = YES;
				ENABLE_TESTABILITY = YES;
				GCC_C_LANGUAGE_STANDARD = gnu11;
				GCC_DYNAMIC_NO_PIC = NO;
				GCC_NO_COMMON_BLOCKS = YES;
				GCC_OPTIMIZATION_LEVEL = 0;
				GCC_PREPROCESSOR_DEFINITIONS = (
					"DEBUG=1",
					"$(inherited)",
				);
				GCC_WARN_64_TO_32_BIT_CONVERSION = YES;
				GCC_WARN_ABOUT_RETURN_TYPE = YES_ERROR;
				GCC_WARN_UNDECLARED_SELECTOR = YES;
				GCC_WARN_UNINITIALIZED_AUTOS = YES_AGGRESSIVE;
				GCC_WARN_UNUSED_FUNCTION = YES;
				GCC_WARN_UNUSED_VARIABLE = YES;
				IPHONEOS_DEPLOYMENT_TARGET = 12.1;
				MTL_ENABLE_DEBUG_INFO = INCLUDE_SOURCE;
				MTL_FAST_MATH = YES;
				ONLY_ACTIVE_ARCH = YES;
				SDKROOT = iphoneos;
				SWIFT_ACTIVE_COMPILATION_CONDITIONS = DEBUG;
				SWIFT_OPTIMIZATION_LEVEL = "-Onone";
			};
			name = Debug;
		};
		C13F5FC0222F1E5C005038CE /* Release */ = {
			isa = XCBuildConfiguration;
			buildSettings = {
				ALWAYS_SEARCH_USER_PATHS = NO;
				CLANG_ANALYZER_NONNULL = YES;
				CLANG_ANALYZER_NUMBER_OBJECT_CONVERSION = YES_AGGRESSIVE;
				CLANG_CXX_LANGUAGE_STANDARD = "gnu++14";
				CLANG_CXX_LIBRARY = "libc++";
				CLANG_ENABLE_MODULES = YES;
				CLANG_ENABLE_OBJC_ARC = YES;
				CLANG_ENABLE_OBJC_WEAK = YES;
				CLANG_WARN_BLOCK_CAPTURE_AUTORELEASING = YES;
				CLANG_WARN_BOOL_CONVERSION = YES;
				CLANG_WARN_COMMA = YES;
				CLANG_WARN_CONSTANT_CONVERSION = YES;
				CLANG_WARN_DEPRECATED_OBJC_IMPLEMENTATIONS = YES;
				CLANG_WARN_DIRECT_OBJC_ISA_USAGE = YES_ERROR;
				CLANG_WARN_DOCUMENTATION_COMMENTS = YES;
				CLANG_WARN_EMPTY_BODY = YES;
				CLANG_WARN_ENUM_CONVERSION = YES;
				CLANG_WARN_INFINITE_RECURSION = YES;
				CLANG_WARN_INT_CONVERSION = YES;
				CLANG_WARN_NON_LITERAL_NULL_CONVERSION = YES;
				CLANG_WARN_OBJC_IMPLICIT_RETAIN_SELF = YES;
				CLANG_WARN_OBJC_LITERAL_CONVERSION = YES;
				CLANG_WARN_OBJC_ROOT_CLASS = YES_ERROR;
				CLANG_WARN_RANGE_LOOP_ANALYSIS = YES;
				CLANG_WARN_STRICT_PROTOTYPES = YES;
				CLANG_WARN_SUSPICIOUS_MOVE = YES;
				CLANG_WARN_UNGUARDED_AVAILABILITY = YES_AGGRESSIVE;
				CLANG_WARN_UNREACHABLE_CODE = YES;
				CLANG_WARN__DUPLICATE_METHOD_MATCH = YES;
				CODE_SIGN_IDENTITY = "iPhone Developer";
				COPY_PHASE_STRIP = NO;
				DEBUG_INFORMATION_FORMAT = "dwarf-with-dsym";
				ENABLE_NS_ASSERTIONS = NO;
				ENABLE_STRICT_OBJC_MSGSEND = YES;
				GCC_C_LANGUAGE_STANDARD = gnu11;
				GCC_NO_COMMON_BLOCKS = YES;
				GCC_WARN_64_TO_32_BIT_CONVERSION = YES;
				GCC_WARN_ABOUT_RETURN_TYPE = YES_ERROR;
				GCC_WARN_UNDECLARED_SELECTOR = YES;
				GCC_WARN_UNINITIALIZED_AUTOS = YES_AGGRESSIVE;
				GCC_WARN_UNUSED_FUNCTION = YES;
				GCC_WARN_UNUSED_VARIABLE = YES;
				IPHONEOS_DEPLOYMENT_TARGET = 12.1;
				MTL_ENABLE_DEBUG_INFO = NO;
				MTL_FAST_MATH = YES;
				SDKROOT = iphoneos;
				SWIFT_COMPILATION_MODE = wholemodule;
				SWIFT_OPTIMIZATION_LEVEL = "-O";
				VALIDATE_PRODUCT = YES;
			};
			name = Release;
		};
		C13F5FC2222F1E5C005038CE /* Debug */ = {
			isa = XCBuildConfiguration;
			buildSettings = {
				ASSETCATALOG_COMPILER_APPICON_NAME = AppIcon;
				CFBundleVersion = "";
				"CFBundleVersion[arch=*]" = "";
				CODE_SIGN_STYLE = Automatic;
				CURRENT_PROJECT_VERSION = 1;
				DEVELOPMENT_TEAM = 8823D8G8Y4;
				INFOPLIST_FILE = talya2/Info.plist;
				LD_RUNPATH_SEARCH_PATHS = (
					"$(inherited)",
					"@executable_path/Frameworks",
				);
				PRODUCT_BUNDLE_IDENTIFIER = blackmadeco.talya2;
				PRODUCT_NAME = "$(TARGET_NAME)";
				SWIFT_VERSION = 4.2;
				TARGETED_DEVICE_FAMILY = "1,2";
				VERSIONING_SYSTEM = "apple-generic";
			};
			name = Debug;
		};
		C13F5FC3222F1E5C005038CE /* Release */ = {
			isa = XCBuildConfiguration;
			buildSettings = {
				ASSETCATALOG_COMPILER_APPICON_NAME = AppIcon;
				CFBundleVersion = "";
				CODE_SIGN_STYLE = Automatic;
				CURRENT_PROJECT_VERSION = 1;
				DEVELOPMENT_TEAM = 8823D8G8Y4;
				INFOPLIST_FILE = talya2/Info.plist;
				LD_RUNPATH_SEARCH_PATHS = (
					"$(inherited)",
					"@executable_path/Frameworks",
				);
				PRODUCT_BUNDLE_IDENTIFIER = blackmadeco.talya2;
				PRODUCT_NAME = "$(TARGET_NAME)";
				SWIFT_VERSION = 4.2;
				TARGETED_DEVICE_FAMILY = "1,2";
				VERSIONING_SYSTEM = "apple-generic";
			};
			name = Release;
		};
		C13F5FC5222F1E5C005038CE /* Debug */ = {
			isa = XCBuildConfiguration;
			buildSettings = {
				ALWAYS_EMBED_SWIFT_STANDARD_LIBRARIES = YES;
				BUNDLE_LOADER = "$(TEST_HOST)";
				CODE_SIGN_STYLE = Automatic;
				INFOPLIST_FILE = talya2Tests/Info.plist;
				LD_RUNPATH_SEARCH_PATHS = (
					"$(inherited)",
					"@executable_path/Frameworks",
					"@loader_path/Frameworks",
				);
				PRODUCT_BUNDLE_IDENTIFIER = blackmadeco.talya2Tests;
				PRODUCT_NAME = "$(TARGET_NAME)";
				SWIFT_VERSION = 4.2;
				TARGETED_DEVICE_FAMILY = "1,2";
				TEST_HOST = "$(BUILT_PRODUCTS_DIR)/talya2.app/talya2";
			};
			name = Debug;
		};
		C13F5FC6222F1E5C005038CE /* Release */ = {
			isa = XCBuildConfiguration;
			buildSettings = {
				ALWAYS_EMBED_SWIFT_STANDARD_LIBRARIES = YES;
				BUNDLE_LOADER = "$(TEST_HOST)";
				CODE_SIGN_STYLE = Automatic;
				INFOPLIST_FILE = talya2Tests/Info.plist;
				LD_RUNPATH_SEARCH_PATHS = (
					"$(inherited)",
					"@executable_path/Frameworks",
					"@loader_path/Frameworks",
				);
				PRODUCT_BUNDLE_IDENTIFIER = blackmadeco.talya2Tests;
				PRODUCT_NAME = "$(TARGET_NAME)";
				SWIFT_VERSION = 4.2;
				TARGETED_DEVICE_FAMILY = "1,2";
				TEST_HOST = "$(BUILT_PRODUCTS_DIR)/talya2.app/talya2";
			};
			name = Release;
		};
		C13F5FC8222F1E5C005038CE /* Debug */ = {
			isa = XCBuildConfiguration;
			buildSettings = {
				ALWAYS_EMBED_SWIFT_STANDARD_LIBRARIES = YES;
				CODE_SIGN_STYLE = Automatic;
				INFOPLIST_FILE = talya2UITests/Info.plist;
				LD_RUNPATH_SEARCH_PATHS = (
					"$(inherited)",
					"@executable_path/Frameworks",
					"@loader_path/Frameworks",
				);
				PRODUCT_BUNDLE_IDENTIFIER = blackmadeco.talya2UITests;
				PRODUCT_NAME = "$(TARGET_NAME)";
				SWIFT_VERSION = 4.2;
				TARGETED_DEVICE_FAMILY = "1,2";
				TEST_TARGET_NAME = talya2;
			};
			name = Debug;
		};
		C13F5FC9222F1E5C005038CE /* Release */ = {
			isa = XCBuildConfiguration;
			buildSettings = {
				ALWAYS_EMBED_SWIFT_STANDARD_LIBRARIES = YES;
				CODE_SIGN_STYLE = Automatic;
				INFOPLIST_FILE = talya2UITests/Info.plist;
				LD_RUNPATH_SEARCH_PATHS = (
					"$(inherited)",
					"@executable_path/Frameworks",
					"@loader_path/Frameworks",
				);
				PRODUCT_BUNDLE_IDENTIFIER = blackmadeco.talya2UITests;
				PRODUCT_NAME = "$(TARGET_NAME)";
				SWIFT_VERSION = 4.2;
				TARGETED_DEVICE_FAMILY = "1,2";
				TEST_TARGET_NAME = talya2;
			};
			name = Release;
		};
/* End XCBuildConfiguration section */

/* Begin XCConfigurationList section */
		C13F5F94222F1E5A005038CE /* Build configuration list for PBXProject "talya2" */ = {
			isa = XCConfigurationList;
			buildConfigurations = (
				C13F5FBF222F1E5C005038CE /* Debug */,
				C13F5FC0222F1E5C005038CE /* Release */,
			);
			defaultConfigurationIsVisible = 0;
			defaultConfigurationName = Release;
		};
		C13F5FC1222F1E5C005038CE /* Build configuration list for PBXNativeTarget "talya2" */ = {
			isa = XCConfigurationList;
			buildConfigurations = (
				C13F5FC2222F1E5C005038CE /* Debug */,
				C13F5FC3222F1E5C005038CE /* Release */,
			);
			defaultConfigurationIsVisible = 0;
			defaultConfigurationName = Release;
		};
		C13F5FC4222F1E5C005038CE /* Build configuration list for PBXNativeTarget "talya2Tests" */ = {
			isa = XCConfigurationList;
			buildConfigurations = (
				C13F5FC5222F1E5C005038CE /* Debug */,
				C13F5FC6222F1E5C005038CE /* Release */,
			);
			defaultConfigurationIsVisible = 0;
			defaultConfigurationName = Release;
		};
		C13F5FC7222F1E5C005038CE /* Build configuration list for PBXNativeTarget "talya2UITests" */ = {
			isa = XCConfigurationList;
			buildConfigurations = (
				C13F5FC8222F1E5C005038CE /* Debug */,
				C13F5FC9222F1E5C005038CE /* Release */,
			);
			defaultConfigurationIsVisible = 0;
			defaultConfigurationName = Release;
		};
/* End XCConfigurationList section */
	};
	rootObject = C13F5F91222F1E5A005038CE /* Project object */;
}
